
Microsoft Visual Studio Solution File, Format Version 12.00
# Visual Studio 14
VisualStudioVersion = 14.0.25420.1
MinimumVisualStudioVersion = 10.0.40219.1
Project("{FAE04EC0-301F-11D3-BF4B-00C04F79EFBC}") = "BatteryCurrentMeasurements", "BatteryCurrentMeasurements\BatteryCurrentMeasurements.csproj", "{E627B811-780B-44A8-AEB8-063916231C17}"
EndProject
Project("{FAE04EC0-301F-11D3-BF4B-00C04F79EFBC}") = "BatteryCurrentMeasurements.Test", "BatteryCurrentMeasurements.Test\BatteryCurrentMeasurements.Test.csproj", "{1BEB6278-644F-4203-89DF-4B10CEB2CE80}"
EndProject
Global
	GlobalSection(SolutionConfigurationPlatforms) = preSolution
		Debug|Any CPU = Debug|Any CPU
		Release|Any CPU = Release|Any CPU
	EndGlobalSection
	GlobalSection(ProjectConfigurationPlatforms) = postSolution
		{E627B811-780B-44A8-AEB8-063916231C17}.Debug|Any CPU.ActiveCfg = Debug|Any CPU
		{E627B811-780B-44A8-AEB8-063916231C17}.Debug|Any CPU.Build.0 = Debug|Any CPU
		{E627B811-780B-44A8-AEB8-063916231C17}.Release|Any CPU.ActiveCfg = Release|Any CPU
		{E627B811-780B-44A8-AEB8-063916231C17}.Release|Any CPU.Build.0 = Release|Any CPU
		{1BEB6278-644F-4203-89DF-4B10CEB2CE80}.Debug|Any CPU.ActiveCfg = Debug|Any CPU
		{1BEB6278-644F-4203-89DF-4B10CEB2CE80}.Debug|Any CPU.Build.0 = Debug|Any CPU
		{1BEB6278-644F-4203-89DF-4B10CEB2CE80}.Release|Any CPU.ActiveCfg = Release|Any CPU
		{1BEB6278-644F-4203-89DF-4B10CEB2CE80}.Release|Any CPU.Build.0 = Release|Any CPU
	EndGlobalSection
	GlobalSection(SolutionProperties) = preSolution
		HideSolutionNode = FALSE
	EndGlobalSection
EndGlobal
